// !$*UTF8*$!
{
	archiveVersion = 1;
	classes = {
	};
	objectVersion = 46;
	objects = {

/* Begin PBXBuildFile section */
		372FE7651D2C374C00172F4E /* AppDelegate.swift in Sources */ = {isa = PBXBuildFile; fileRef = 372FE7641D2C374C00172F4E /* AppDelegate.swift */; };
		372FE7671D2C374C00172F4E /* ViewController.swift in Sources */ = {isa = PBXBuildFile; fileRef = 372FE7661D2C374C00172F4E /* ViewController.swift */; };
		372FE76A1D2C374C00172F4E /* Main.storyboard in Resources */ = {isa = PBXBuildFile; fileRef = 372FE7681D2C374C00172F4E /* Main.storyboard */; };
		372FE76C1D2C374C00172F4E /* Assets.xcassets in Resources */ = {isa = PBXBuildFile; fileRef = 372FE76B1D2C374C00172F4E /* Assets.xcassets */; };
		372FE76F1D2C374C00172F4E /* LaunchScreen.storyboard in Resources */ = {isa = PBXBuildFile; fileRef = 372FE76D1D2C374C00172F4E /* LaunchScreen.storyboard */; };
		372FE7771D2C386500172F4E /* Cartoon Cat.png in Resources */ = {isa = PBXBuildFile; fileRef = 372FE7761D2C386500172F4E /* Cartoon Cat.png */; };
/* End PBXBuildFile section */

/* Begin PBXFileReference section */
		372FE7611D2C374C00172F4E /* Cat Years.app */ = {isa = PBXFileReference; explicitFileType = wrapper.application; includeInIndex = 0; path = "Cat Years.app"; sourceTree = BUILT_PRODUCTS_DIR; };
		372FE7641D2C374C00172F4E /* AppDelegate.swift */ = {isa = PBXFileReference; lastKnownFileType = sourcecode.swift; path = AppDelegate.swift; sourceTree = "<group>"; };
		372FE7661D2C374C00172F4E /* ViewController.swift */ = {isa = PBXFileReference; lastKnownFileType = sourcecode.swift; path = ViewController.swift; sourceTree = "<group>"; };
		372FE7691D2C374C00172F4E /* Base */ = {isa = PBXFileReference; lastKnownFileType = file.storyboard; name = Base; path = Base.lproj/Main.storyboard; sourceTree = "<group>"; };
		372FE76B1D2C374C00172F4E /* Assets.xcassets */ = {isa = PBXFileReference; lastKnownFileType = folder.assetcatalog; path = Assets.xcassets; sourceTree = "<group>"; };
		372FE76E1D2C374C00172F4E /* Base */ = {isa = PBXFileReference; lastKnownFileType = file.storyboard; name = Base; path = Base.lproj/LaunchScreen.storyboard; sourceTree = "<group>"; };
		372FE7701D2C374C00172F4E /* Info.plist */ = {isa = PBXFileReference; lastKnownFileType = text.plist.xml; path = Info.plist; sourceTree = "<group>"; };
		372FE7761D2C386500172F4E /* Cartoon Cat.png */ = {isa = PBXFileReference; lastKnownFileType = image.png; path = "Cartoon Cat.png"; sourceTree = "<group>"; };
/* End PBXFileReference section */

/* Begin PBXFrameworksBuildPhase section */
		372FE75E1D2C374C00172F4E /* Frameworks */ = {
			isa = PBXFrameworksBuildPhase;
			buildActionMask = 2147483647;
			files = (
			);
			runOnlyForDeploymentPostprocessing = 0;
		};
/* End PBXFrameworksBuildPhase section */

/* Begin PBXGroup section */
		372FE7581D2C374C00172F4E = {
			isa = PBXGroup;
			children = (
				372FE7631D2C374C00172F4E /* Cat Years */,
				372FE7621D2C374C00172F4E /* Products */,
			);
			sourceTree = "<group>";
		};
		372FE7621D2C374C00172F4E /* Products */ = {
			isa = PBXGroup;
			children = (
				372FE7611D2C374C00172F4E /* Cat Years.app */,
			);
			name = Products;
			sourceTree = "<group>";
		};
		372FE7631D2C374C00172F4E /* Cat Years */ = {
			isa = PBXGroup;
			children = (
				372FE7641D2C374C00172F4E /* AppDelegate.swift */,
				372FE7661D2C374C00172F4E /* ViewController.swift */,
				372FE7681D2C374C00172F4E /* Main.storyboard */,
				372FE7761D2C386500172F4E /* Cartoon Cat.png */,
				372FE76B1D2C374C00172F4E /* Assets.xcassets */,
				372FE76D1D2C374C00172F4E /* LaunchScreen.storyboard */,
				372FE7701D2C374C00172F4E /* Info.plist */,
			);
			path = "Cat Years";
			sourceTree = "<group>";
		};
/* End PBXGroup section */

/* Begin PBXNativeTarget section */
		372FE7601D2C374C00172F4E /* Cat Years */ = {
			isa = PBXNativeTarget;
			buildConfigurationList = 372FE7731D2C374C00172F4E /* Build configuration list for PBXNativeTarget "Cat Years" */;
			buildPhases = (
				372FE75D1D2C374C00172F4E /* Sources */,
				372FE75E1D2C374C00172F4E /* Frameworks */,
				372FE75F1D2C374C00172F4E /* Resources */,
			);
			buildRules = (
			);
			dependencies = (
			);
			name = "Cat Years";
			productName = "Cat Years";
			productReference = 372FE7611D2C374C00172F4E /* Cat Years.app */;
			productType = "com.apple.product-type.application";
		};
/* End PBXNativeTarget section */

/* Begin PBXProject section */
		372FE7591D2C374C00172F4E /* Project object */ = {
			isa = PBXProject;
			attributes = {
				LastSwiftUpdateCheck = 0730;
				LastUpgradeCheck = 0730;
				ORGANIZATIONNAME = "Ryan Lim";
				TargetAttributes = {
					372FE7601D2C374C00172F4E = {
						CreatedOnToolsVersion = 7.3.1;
						DevelopmentTeam = T36N8475ZJ;
					};
				};
			};
			buildConfigurationList = 372FE75C1D2C374C00172F4E /* Build configuration list for PBXProject "Cat Years" */;
			compatibilityVersion = "Xcode 3.2";
			developmentRegion = English;
			hasScannedForEncodings = 0;
			knownRegions = (
				en,
				Base,
			);
			mainGroup = 372FE7581D2C374C00172F4E;
			productRefGroup = 372FE7621D2C374C00172F4E /* Products */;
			projectDirPath = "";
			projectRoot = "";
			targets = (
				372FE7601D2C374C00172F4E /* Cat Years */,
			);
		};
/* End PBXProject section */

/* Begin PBXResourcesBuildPhase section */
		372FE75F1D2C374C00172F4E /* Resources */ = {
			isa = PBXResourcesBuildPhase;
			buildActionMask = 2147483647;
			files = (
				372FE7771D2C386500172F4E /* Cartoon Cat.png in Resources */,
				372FE76F1D2C374C00172F4E /* LaunchScreen.storyboard in Resources */,
				372FE76C1D2C374C00172F4E /* Assets.xcassets in Resources */,
				372FE76A1D2C374C00172F4E /* Main.storyboard in Resources */,
			);
			runOnlyForDeploymentPostprocessing = 0;
		};
/* End PBXResourcesBuildPhase section */

/* Begin PBXSourcesBuildPhase section */
		372FE75D1D2C374C00172F4E /* Sources */ = {
			isa = PBXSourcesBuildPhase;
			buildActionMask = 2147483647;
			files = (
				372FE7671D2C374C00172F4E /* ViewController.swift in Sources */,
				372FE7651D2C374C00172F4E /* AppDelegate.swift in Sources */,
			);
			runOnlyForDeploymentPostprocessing = 0;
		};
/* End PBXSourcesBuildPhase section */

/* Begin PBXVariantGroup section */
		372FE7681D2C374C00172F4E /* Main.storyboard */ = {
			isa = PBXVariantGroup;
			children = (
				372FE7691D2C374C00172F4E /* Base */,
			);
			name = Main.storyboard;
			sourceTree = "<group>";
		};
		372FE76D1D2C374C00172F4E /* LaunchScreen.storyboard */ = {
			isa = PBXVariantGroup;
			children = (
				372FE76E1D2C374C00172F4E /* Base */,
			);
			name = LaunchScreen.storyboard;
			sourceTree = "<group>";
		};
/* End PBXVariantGroup section */

/* Begin XCBuildConfiguration section */
		372FE7711D2C374C00172F4E /* Debug */ = {
			isa = XCBuildConfiguration;
			buildSettings = {
				ALWAYS_SEARCH_USER_PATHS = NO;
				CLANG_ANALYZER_NONNULL = YES;
				CLANG_CXX_LANGUAGE_STANDARD = "gnu++0x";
				CLANG_CXX_LIBRARY = "libc++";
				CLANG_ENABLE_MODULES = YES;
				CLANG_ENABLE_OBJC_ARC = YES;
				CLANG_WARN_BOOL_CONVERSION = YES;
				CLANG_WARN_CONSTANT_CONVERSION = YES;
				CLANG_WARN_DIRECT_OBJC_ISA_USAGE = YES_ERROR;
				CLANG_WARN_EMPTY_BODY = YES;
				CLANG_WARN_ENUM_CONVERSION = YES;
				CLANG_WARN_INT_CONVERSION = YES;
				CLANG_WARN_OBJC_ROOT_CLASS = YES_ERROR;
				CLANG_WARN_UNREACHABLE_CODE = YES;
				CLANG_WARN__DUPLICATE_METHOD_MATCH = YES;
				"CODE_SIGN_IDENTITY[sdk=iphoneos*]" = "iPhone Developer";
				COPY_PHASE_STRIP = NO;
				DEBUG_INFORMATION_FORMAT = dwarf;
				ENABLE_STRICT_OBJC_MSGSEND = YES;
				ENABLE_TESTABILITY = YES;
				GCC_C_LANGUAGE_STANDARD = gnu99;
				GCC_DYNAMIC_NO_PIC = NO;
				GCC_NO_COMMON_BLOCKS = YES;
				GCC_OPTIMIZATION_LEVEL = 0;
				GCC_PREPROCESSOR_DEFINITIONS = (
					"DEBUG=1",
					"$(inherited)",
				);
				GCC_WARN_64_TO_32_BIT_CONVERSION = YES;
				GCC_WARN_ABOUT_RETURN_TYPE = YES_ERROR;
				GCC_WARN_UNDECLARED_SELECTOR = YES;
				GCC_WARN_UNINITIALIZED_AUTOS = YES_AGGRESSIVE;
				GCC_WARN_UNUSED_FUNCTION = YES;
				GCC_WARN_UNUSED_VARIABLE = YES;
				IPHONEOS_DEPLOYMENT_TARGET = 9.3;
				MTL_ENABLE_DEBUG_INFO = YES;
				ONLY_ACTIVE_ARCH = YES;
				SDKROOT = iphoneos;
				SWIFT_OPTIMIZATION_LEVEL = "-Onone";
			};
			name = Debug;
		};
		372FE7721D2C374C00172F4E /* Release */ = {
			isa = XCBuildConfiguration;
			buildSettings = {
				ALWAYS_SEARCH_USER_PATHS = NO;
				CLANG_ANALYZER_NONNULL = YES;
				CLANG_CXX_LANGUAGE_STANDARD = "gnu++0x";
				CLANG_CXX_LIBRARY = "libc++";
				CLANG_ENABLE_MODULES = YES;
				CLANG_ENABLE_OBJC_ARC = YES;
				CLANG_WARN_BOOL_CONVERSION = YES;
				CLANG_WARN_CONSTANT_CONVERSION = YES;
				CLANG_WARN_DIRECT_OBJC_ISA_USAGE = YES_ERROR;
				CLANG_WARN_EMPTY_BODY = YES;
				CLANG_WARN_ENUM_CONVERSION = YES;
				CLANG_WARN_INT_CONVERSION = YES;
				CLANG_WARN_OBJC_ROOT_CLASS = YES_ERROR;
				CLANG_WARN_UNREACHABLE_CODE = YES;
				CLANG_WARN__DUPLICATE_METHOD_MATCH = YES;
				"CODE_SIGN_IDENTITY[sdk=iphoneos*]" = "iPhone Developer";
				COPY_PHASE_STRIP = NO;
				DEBUG_INFORMATION_FORMAT = "dwarf-with-dsym";
				ENABLE_NS_ASSERTIONS = NO;
				ENABLE_STRICT_OBJC_MSGSEND = YES;
				GCC_C_LANGUAGE_STANDARD = gnu99;
				GCC_NO_COMMON_BLOCKS = YES;
				GCC_WARN_64_TO_32_BIT_CONVERSION = YES;
				GCC_WARN_ABOUT_RETURN_TYPE = YES_ERROR;
				GCC_WARN_UNDECLARED_SELECTOR = YES;
				GCC_WARN_UNINITIALIZED_AUTOS = YES_AGGRESSIVE;
				GCC_WARN_UNUSED_FUNCTION = YES;
				GCC_WARN_UNUSED_VARIABLE = YES;
				IPHONEOS_DEPLOYMENT_TARGET = 9.3;
				MTL_ENABLE_DEBUG_INFO = NO;
				SDKROOT = iphoneos;
				VALIDATE_PRODUCT = YES;
			};
			name = Release;
		};
		372FE7741D2C374C00172F4E /* Debug */ = {
			isa = XCBuildConfiguration;
			buildSettings = {
				ASSETCATALOG_COMPILER_APPICON_NAME = AppIcon;
				INFOPLIST_FILE = "Cat Years/Info.plist";
				LD_RUNPATH_SEARCH_PATHS = "$(inherited) @executable_path/Frameworks";
				PRODUCT_BUNDLE_IDENTIFIER = "com.ryanlim.Cat-Years";
				PRODUCT_NAME = "$(TARGET_NAME)";
			};
			name = Debug;
		};
		372FE7751D2C374C00172F4E /* Release */ = {
			isa = XCBuildConfiguration;
			buildSettings = {
				ASSETCATALOG_COMPILER_APPICON_NAME = AppIcon;
				INFOPLIST_FILE = "Cat Years/Info.plist";
				LD_RUNPATH_SEARCH_PATHS = "$(inherited) @executable_path/Frameworks";
				PRODUCT_BUNDLE_IDENTIFIER = "com.ryanlim.Cat-Years";
				PRODUCT_NAME = "$(TARGET_NAME)";
			};
			name = Release;
		};
/* End XCBuildConfiguration section */

/* Begin XCConfigurationList section */
		372FE75C1D2C374C00172F4E /* Build configuration list for PBXProject "Cat Years" */ = {
			isa = XCConfigurationList;
			buildConfigurations = (
				372FE7711D2C374C00172F4E /* Debug */,
				372FE7721D2C374C00172F4E /* Release */,
			);
			defaultConfigurationIsVisible = 0;
			defaultConfigurationName = Release;
		};
		372FE7731D2C374C00172F4E /* Build configuration list for PBXNativeTarget "Cat Years" */ = {
			isa = XCConfigurationList;
			buildConfigurations = (
				372FE7741D2C374C00172F4E /* Debug */,
				372FE7751D2C374C00172F4E /* Release */,
			);
			defaultConfigurationIsVisible = 0;
		};
/* End XCConfigurationList section */
	};
	rootObject = 372FE7591D2C374C00172F4E /* Project object */;
}
